// !$*UTF8*$!
{
	archiveVersion = 1;
	classes = {
	};
	objectVersion = 50;
	objects = {

/* Begin PBXBuildFile section */
		421524712457DEFD0068380B /* UIHelper.swift in Sources */ = {isa = PBXBuildFile; fileRef = 421524702457DEFD0068380B /* UIHelper.swift */; };
		421524792457ED4C0068380B /* GFEmptyStateView.swift in Sources */ = {isa = PBXBuildFile; fileRef = 421524782457ED4C0068380B /* GFEmptyStateView.swift */; };
		4221CC3923E53A1E0056F4D4 /* NetworkManager.swift in Sources */ = {isa = PBXBuildFile; fileRef = 4221CC3823E53A1E0056F4D4 /* NetworkManager.swift */; };
		4221CC3C23E548160056F4D4 /* ErrorMessage.swift in Sources */ = {isa = PBXBuildFile; fileRef = 4221CC3B23E548160056F4D4 /* ErrorMessage.swift */; };
		4237B9A523DFE986001440D8 /* AppDelegate.swift in Sources */ = {isa = PBXBuildFile; fileRef = 4237B9A423DFE986001440D8 /* AppDelegate.swift */; };
		4237B9A723DFE986001440D8 /* SceneDelegate.swift in Sources */ = {isa = PBXBuildFile; fileRef = 4237B9A623DFE986001440D8 /* SceneDelegate.swift */; };
		4237B9AE23DFE988001440D8 /* Assets.xcassets in Resources */ = {isa = PBXBuildFile; fileRef = 4237B9AD23DFE988001440D8 /* Assets.xcassets */; };
		4237B9B123DFE988001440D8 /* LaunchScreen.storyboard in Resources */ = {isa = PBXBuildFile; fileRef = 4237B9AF23DFE988001440D8 /* LaunchScreen.storyboard */; };
		4237B9BB23DFEEAE001440D8 /* FavoritesListVC.swift in Sources */ = {isa = PBXBuildFile; fileRef = 4237B9BA23DFEEAE001440D8 /* FavoritesListVC.swift */; };
		4237B9BD23DFEF46001440D8 /* SearchVC.swift in Sources */ = {isa = PBXBuildFile; fileRef = 4237B9BC23DFEF46001440D8 /* SearchVC.swift */; };
		4237B9BF23DFF2E6001440D8 /* GFButton.swift in Sources */ = {isa = PBXBuildFile; fileRef = 4237B9BE23DFF2E6001440D8 /* GFButton.swift */; };
		4237B9C123DFF88A001440D8 /* GFTextField.swift in Sources */ = {isa = PBXBuildFile; fileRef = 4237B9C023DFF88A001440D8 /* GFTextField.swift */; };
		42BEAE2E23E14C9900739471 /* FollowerListVC.swift in Sources */ = {isa = PBXBuildFile; fileRef = 42BEAE2D23E14C9900739471 /* FollowerListVC.swift */; };
		42C67AF723E3DB0B00233609 /* GFTitleLabel.swift in Sources */ = {isa = PBXBuildFile; fileRef = 42C67AF623E3DB0B00233609 /* GFTitleLabel.swift */; };
		42C67AF923E3DCE700233609 /* GFBodyLabel.swift in Sources */ = {isa = PBXBuildFile; fileRef = 42C67AF823E3DCE700233609 /* GFBodyLabel.swift */; };
		42C67AFB23E3DEE900233609 /* GFAlertVC.swift in Sources */ = {isa = PBXBuildFile; fileRef = 42C67AFA23E3DEE900233609 /* GFAlertVC.swift */; };
		42C67AFD23E3E46E00233609 /* UIViewController+Ext.swift in Sources */ = {isa = PBXBuildFile; fileRef = 42C67AFC23E3E46E00233609 /* UIViewController+Ext.swift */; };
		42DA2E0924159B0C0071F957 /* FollowerCell.swift in Sources */ = {isa = PBXBuildFile; fileRef = 42DA2E0824159B0C0071F957 /* FollowerCell.swift */; };
		42DA2E0B24159B980071F957 /* GFAvatarImageView.swift in Sources */ = {isa = PBXBuildFile; fileRef = 42DA2E0A24159B980071F957 /* GFAvatarImageView.swift */; };
		42F4BF0423E5358500670244 /* Follower.swift in Sources */ = {isa = PBXBuildFile; fileRef = 42F4BF0323E5358500670244 /* Follower.swift */; };
		42F4BF0623E5364100670244 /* User.swift in Sources */ = {isa = PBXBuildFile; fileRef = 42F4BF0523E5364100670244 /* User.swift */; };
/* End PBXBuildFile section */

/* Begin PBXFileReference section */
		421524702457DEFD0068380B /* UIHelper.swift */ = {isa = PBXFileReference; lastKnownFileType = sourcecode.swift; path = UIHelper.swift; sourceTree = "<group>"; };
		421524782457ED4C0068380B /* GFEmptyStateView.swift */ = {isa = PBXFileReference; lastKnownFileType = sourcecode.swift; path = GFEmptyStateView.swift; sourceTree = "<group>"; };
		4221CC3823E53A1E0056F4D4 /* NetworkManager.swift */ = {isa = PBXFileReference; lastKnownFileType = sourcecode.swift; path = NetworkManager.swift; sourceTree = "<group>"; };
		4221CC3B23E548160056F4D4 /* ErrorMessage.swift */ = {isa = PBXFileReference; lastKnownFileType = sourcecode.swift; path = ErrorMessage.swift; sourceTree = "<group>"; };
		4237B9A123DFE986001440D8 /* GitHubFol.app */ = {isa = PBXFileReference; explicitFileType = wrapper.application; includeInIndex = 0; path = GitHubFol.app; sourceTree = BUILT_PRODUCTS_DIR; };
		4237B9A423DFE986001440D8 /* AppDelegate.swift */ = {isa = PBXFileReference; lastKnownFileType = sourcecode.swift; path = AppDelegate.swift; sourceTree = "<group>"; };
		4237B9A623DFE986001440D8 /* SceneDelegate.swift */ = {isa = PBXFileReference; lastKnownFileType = sourcecode.swift; path = SceneDelegate.swift; sourceTree = "<group>"; };
		4237B9AD23DFE988001440D8 /* Assets.xcassets */ = {isa = PBXFileReference; lastKnownFileType = folder.assetcatalog; path = Assets.xcassets; sourceTree = "<group>"; };
		4237B9B023DFE988001440D8 /* Base */ = {isa = PBXFileReference; lastKnownFileType = file.storyboard; name = Base; path = Base.lproj/LaunchScreen.storyboard; sourceTree = "<group>"; };
		4237B9B223DFE988001440D8 /* Info.plist */ = {isa = PBXFileReference; lastKnownFileType = text.plist.xml; path = Info.plist; sourceTree = "<group>"; };
		4237B9BA23DFEEAE001440D8 /* FavoritesListVC.swift */ = {isa = PBXFileReference; lastKnownFileType = sourcecode.swift; path = FavoritesListVC.swift; sourceTree = "<group>"; };
		4237B9BC23DFEF46001440D8 /* SearchVC.swift */ = {isa = PBXFileReference; lastKnownFileType = sourcecode.swift; path = SearchVC.swift; sourceTree = "<group>"; };
		4237B9BE23DFF2E6001440D8 /* GFButton.swift */ = {isa = PBXFileReference; lastKnownFileType = sourcecode.swift; path = GFButton.swift; sourceTree = "<group>"; };
		4237B9C023DFF88A001440D8 /* GFTextField.swift */ = {isa = PBXFileReference; lastKnownFileType = sourcecode.swift; path = GFTextField.swift; sourceTree = "<group>"; };
		42BEAE2D23E14C9900739471 /* FollowerListVC.swift */ = {isa = PBXFileReference; lastKnownFileType = sourcecode.swift; path = FollowerListVC.swift; sourceTree = "<group>"; };
		42C67AF623E3DB0B00233609 /* GFTitleLabel.swift */ = {isa = PBXFileReference; lastKnownFileType = sourcecode.swift; path = GFTitleLabel.swift; sourceTree = "<group>"; };
		42C67AF823E3DCE700233609 /* GFBodyLabel.swift */ = {isa = PBXFileReference; lastKnownFileType = sourcecode.swift; path = GFBodyLabel.swift; sourceTree = "<group>"; };
		42C67AFA23E3DEE900233609 /* GFAlertVC.swift */ = {isa = PBXFileReference; lastKnownFileType = sourcecode.swift; path = GFAlertVC.swift; sourceTree = "<group>"; };
		42C67AFC23E3E46E00233609 /* UIViewController+Ext.swift */ = {isa = PBXFileReference; lastKnownFileType = sourcecode.swift; path = "UIViewController+Ext.swift"; sourceTree = "<group>"; };
		42DA2E0824159B0C0071F957 /* FollowerCell.swift */ = {isa = PBXFileReference; lastKnownFileType = sourcecode.swift; path = FollowerCell.swift; sourceTree = "<group>"; };
		42DA2E0A24159B980071F957 /* GFAvatarImageView.swift */ = {isa = PBXFileReference; lastKnownFileType = sourcecode.swift; path = GFAvatarImageView.swift; sourceTree = "<group>"; };
		42F4BF0323E5358500670244 /* Follower.swift */ = {isa = PBXFileReference; lastKnownFileType = sourcecode.swift; path = Follower.swift; sourceTree = "<group>"; };
		42F4BF0523E5364100670244 /* User.swift */ = {isa = PBXFileReference; lastKnownFileType = sourcecode.swift; path = User.swift; sourceTree = "<group>"; };
/* End PBXFileReference section */

/* Begin PBXFrameworksBuildPhase section */
		4237B99E23DFE986001440D8 /* Frameworks */ = {
			isa = PBXFrameworksBuildPhase;
			buildActionMask = 2147483647;
			files = (
			);
			runOnlyForDeploymentPostprocessing = 0;
		};
/* End PBXFrameworksBuildPhase section */

/* Begin PBXGroup section */
		421524722457ECE70068380B /* Views */ = {
			isa = PBXGroup;
			children = (
				421524782457ED4C0068380B /* GFEmptyStateView.swift */,
			);
			path = Views;
			sourceTree = "<group>";
		};
		421524732457ECEE0068380B /* Buttons */ = {
			isa = PBXGroup;
			children = (
				4237B9BE23DFF2E6001440D8 /* GFButton.swift */,
			);
			path = Buttons;
			sourceTree = "<group>";
		};
		421524742457ECF30068380B /* TextFields */ = {
			isa = PBXGroup;
			children = (
				4237B9C023DFF88A001440D8 /* GFTextField.swift */,
			);
			path = TextFields;
			sourceTree = "<group>";
		};
		421524752457ECFA0068380B /* ImageViews */ = {
			isa = PBXGroup;
			children = (
				42DA2E0A24159B980071F957 /* GFAvatarImageView.swift */,
			);
			path = ImageViews;
			sourceTree = "<group>";
		};
		421524762457ED020068380B /* ViewControllers */ = {
			isa = PBXGroup;
			children = (
				42C67AFA23E3DEE900233609 /* GFAlertVC.swift */,
			);
			path = ViewControllers;
			sourceTree = "<group>";
		};
		421524772457ED160068380B /* Labels */ = {
			isa = PBXGroup;
			children = (
				42C67AF823E3DCE700233609 /* GFBodyLabel.swift */,
				42C67AF623E3DB0B00233609 /* GFTitleLabel.swift */,
			);
			path = Labels;
			sourceTree = "<group>";
		};
		4221CC3723E53A070056F4D4 /* Managers */ = {
			isa = PBXGroup;
			children = (
				4221CC3823E53A1E0056F4D4 /* NetworkManager.swift */,
			);
			path = Managers;
			sourceTree = "<group>";
		};
		4221CC3A23E548010056F4D4 /* Utilities */ = {
			isa = PBXGroup;
			children = (
				4221CC3B23E548160056F4D4 /* ErrorMessage.swift */,
				421524702457DEFD0068380B /* UIHelper.swift */,
			);
			path = Utilities;
			sourceTree = "<group>";
		};
		4237B99823DFE986001440D8 = {
			isa = PBXGroup;
			children = (
				4237B9A323DFE986001440D8 /* GitHubFol */,
				4237B9A223DFE986001440D8 /* Products */,
			);
			sourceTree = "<group>";
		};
		4237B9A223DFE986001440D8 /* Products */ = {
			isa = PBXGroup;
			children = (
				4237B9A123DFE986001440D8 /* GitHubFol.app */,
			);
			name = Products;
			sourceTree = "<group>";
		};
		4237B9A323DFE986001440D8 /* GitHubFol */ = {
			isa = PBXGroup;
			children = (
				4221CC3A23E548010056F4D4 /* Utilities */,
				4221CC3723E53A070056F4D4 /* Managers */,
				42F4BF0723E537C200670244 /* Support */,
				42F4BF0223E5357100670244 /* Model */,
				4237B9B223DFE988001440D8 /* Info.plist */,
				42C67B0023E3E72200233609 /* Extensions */,
				42C67AFF23E3E6EC00233609 /* CustomViews */,
				42C67AFE23E3E6BD00233609 /* Screens */,
			);
			path = GitHubFol;
			sourceTree = "<group>";
		};
		42C67AFE23E3E6BD00233609 /* Screens */ = {
			isa = PBXGroup;
			children = (
				4237B9BC23DFEF46001440D8 /* SearchVC.swift */,
				4237B9BA23DFEEAE001440D8 /* FavoritesListVC.swift */,
				42BEAE2D23E14C9900739471 /* FollowerListVC.swift */,
			);
			path = Screens;
			sourceTree = "<group>";
		};
		42C67AFF23E3E6EC00233609 /* CustomViews */ = {
			isa = PBXGroup;
			children = (
				421524772457ED160068380B /* Labels */,
				421524762457ED020068380B /* ViewControllers */,
				421524752457ECFA0068380B /* ImageViews */,
				421524742457ECF30068380B /* TextFields */,
				421524732457ECEE0068380B /* Buttons */,
				421524722457ECE70068380B /* Views */,
				42DA2E0724159AE90071F957 /* Cells */,
			);
			path = CustomViews;
			sourceTree = "<group>";
		};
		42C67B0023E3E72200233609 /* Extensions */ = {
			isa = PBXGroup;
			children = (
				42C67AFC23E3E46E00233609 /* UIViewController+Ext.swift */,
			);
			path = Extensions;
			sourceTree = "<group>";
		};
		42DA2E0724159AE90071F957 /* Cells */ = {
			isa = PBXGroup;
			children = (
				42DA2E0824159B0C0071F957 /* FollowerCell.swift */,
			);
			path = Cells;
			sourceTree = "<group>";
		};
		42F4BF0223E5357100670244 /* Model */ = {
			isa = PBXGroup;
			children = (
				42F4BF0323E5358500670244 /* Follower.swift */,
				42F4BF0523E5364100670244 /* User.swift */,
			);
			path = Model;
			sourceTree = "<group>";
		};
		42F4BF0723E537C200670244 /* Support */ = {
			isa = PBXGroup;
			children = (
				4237B9A423DFE986001440D8 /* AppDelegate.swift */,
				4237B9A623DFE986001440D8 /* SceneDelegate.swift */,
				4237B9AD23DFE988001440D8 /* Assets.xcassets */,
				4237B9AF23DFE988001440D8 /* LaunchScreen.storyboard */,
			);
			path = Support;
			sourceTree = "<group>";
		};
/* End PBXGroup section */

/* Begin PBXNativeTarget section */
		4237B9A023DFE986001440D8 /* GitHubFol */ = {
			isa = PBXNativeTarget;
			buildConfigurationList = 4237B9B523DFE988001440D8 /* Build configuration list for PBXNativeTarget "GitHubFol" */;
			buildPhases = (
				4237B99D23DFE986001440D8 /* Sources */,
				4237B99E23DFE986001440D8 /* Frameworks */,
				4237B99F23DFE986001440D8 /* Resources */,
			);
			buildRules = (
			);
			dependencies = (
			);
			name = GitHubFol;
			productName = GitHubFol;
			productReference = 4237B9A123DFE986001440D8 /* GitHubFol.app */;
			productType = "com.apple.product-type.application";
		};
/* End PBXNativeTarget section */

/* Begin PBXProject section */
		4237B99923DFE986001440D8 /* Project object */ = {
			isa = PBXProject;
			attributes = {
				LastSwiftUpdateCheck = 1130;
				LastUpgradeCheck = 1130;
				ORGANIZATIONNAME = "Danny Copeland";
				TargetAttributes = {
					4237B9A023DFE986001440D8 = {
						CreatedOnToolsVersion = 11.3.1;
					};
				};
			};
			buildConfigurationList = 4237B99C23DFE986001440D8 /* Build configuration list for PBXProject "GitHubFol" */;
			compatibilityVersion = "Xcode 9.3";
			developmentRegion = en;
			hasScannedForEncodings = 0;
			knownRegions = (
				en,
				Base,
			);
			mainGroup = 4237B99823DFE986001440D8;
			productRefGroup = 4237B9A223DFE986001440D8 /* Products */;
			projectDirPath = "";
			projectRoot = "";
			targets = (
				4237B9A023DFE986001440D8 /* GitHubFol */,
			);
		};
/* End PBXProject section */

/* Begin PBXResourcesBuildPhase section */
		4237B99F23DFE986001440D8 /* Resources */ = {
			isa = PBXResourcesBuildPhase;
			buildActionMask = 2147483647;
			files = (
				4237B9B123DFE988001440D8 /* LaunchScreen.storyboard in Resources */,
				4237B9AE23DFE988001440D8 /* Assets.xcassets in Resources */,
			);
			runOnlyForDeploymentPostprocessing = 0;
		};
/* End PBXResourcesBuildPhase section */

/* Begin PBXSourcesBuildPhase section */
		4237B99D23DFE986001440D8 /* Sources */ = {
			isa = PBXSourcesBuildPhase;
			buildActionMask = 2147483647;
			files = (
				42F4BF0623E5364100670244 /* User.swift in Sources */,
				4237B9C123DFF88A001440D8 /* GFTextField.swift in Sources */,
				4237B9BD23DFEF46001440D8 /* SearchVC.swift in Sources */,
				4237B9BF23DFF2E6001440D8 /* GFButton.swift in Sources */,
				42C67AFD23E3E46E00233609 /* UIViewController+Ext.swift in Sources */,
				421524712457DEFD0068380B /* UIHelper.swift in Sources */,
				42DA2E0B24159B980071F957 /* GFAvatarImageView.swift in Sources */,
				4237B9BB23DFEEAE001440D8 /* FavoritesListVC.swift in Sources */,
				42C67AFB23E3DEE900233609 /* GFAlertVC.swift in Sources */,
				42DA2E0924159B0C0071F957 /* FollowerCell.swift in Sources */,
				4221CC3C23E548160056F4D4 /* ErrorMessage.swift in Sources */,
				42C67AF923E3DCE700233609 /* GFBodyLabel.swift in Sources */,
				42F4BF0423E5358500670244 /* Follower.swift in Sources */,
				42C67AF723E3DB0B00233609 /* GFTitleLabel.swift in Sources */,
				421524792457ED4C0068380B /* GFEmptyStateView.swift in Sources */,
				4221CC3923E53A1E0056F4D4 /* NetworkManager.swift in Sources */,
				42BEAE2E23E14C9900739471 /* FollowerListVC.swift in Sources */,
				4237B9A523DFE986001440D8 /* AppDelegate.swift in Sources */,
				4237B9A723DFE986001440D8 /* SceneDelegate.swift in Sources */,
			);
			runOnlyForDeploymentPostprocessing = 0;
		};
/* End PBXSourcesBuildPhase section */

/* Begin PBXVariantGroup section */
		4237B9AF23DFE988001440D8 /* LaunchScreen.storyboard */ = {
			isa = PBXVariantGroup;
			children = (
				4237B9B023DFE988001440D8 /* Base */,
			);
			name = LaunchScreen.storyboard;
			sourceTree = "<group>";
		};
/* End PBXVariantGroup section */

/* Begin XCBuildConfiguration section */
		4237B9B323DFE988001440D8 /* Debug */ = {
			isa = XCBuildConfiguration;
			buildSettings = {
				ALWAYS_SEARCH_USER_PATHS = NO;
				CLANG_ANALYZER_NONNULL = YES;
				CLANG_ANALYZER_NUMBER_OBJECT_CONVERSION = YES_AGGRESSIVE;
				CLANG_CXX_LANGUAGE_STANDARD = "gnu++14";
				CLANG_CXX_LIBRARY = "libc++";
				CLANG_ENABLE_MODULES = YES;
				CLANG_ENABLE_OBJC_ARC = YES;
				CLANG_ENABLE_OBJC_WEAK = YES;
				CLANG_WARN_BLOCK_CAPTURE_AUTORELEASING = YES;
				CLANG_WARN_BOOL_CONVERSION = YES;
				CLANG_WARN_COMMA = YES;
				CLANG_WARN_CONSTANT_CONVERSION = YES;
				CLANG_WARN_DEPRECATED_OBJC_IMPLEMENTATIONS = YES;
				CLANG_WARN_DIRECT_OBJC_ISA_USAGE = YES_ERROR;
				CLANG_WARN_DOCUMENTATION_COMMENTS = YES;
				CLANG_WARN_EMPTY_BODY = YES;
				CLANG_WARN_ENUM_CONVERSION = YES;
				CLANG_WARN_INFINITE_RECURSION = YES;
				CLANG_WARN_INT_CONVERSION = YES;
				CLANG_WARN_NON_LITERAL_NULL_CONVERSION = YES;
				CLANG_WARN_OBJC_IMPLICIT_RETAIN_SELF = YES;
				CLANG_WARN_OBJC_LITERAL_CONVERSION = YES;
				CLANG_WARN_OBJC_ROOT_CLASS = YES_ERROR;
				CLANG_WARN_RANGE_LOOP_ANALYSIS = YES;
				CLANG_WARN_STRICT_PROTOTYPES = YES;
				CLANG_WARN_SUSPICIOUS_MOVE = YES;
				CLANG_WARN_UNGUARDED_AVAILABILITY = YES_AGGRESSIVE;
				CLANG_WARN_UNREACHABLE_CODE = YES;
				CLANG_WARN__DUPLICATE_METHOD_MATCH = YES;
				COPY_PHASE_STRIP = NO;
				DEBUG_INFORMATION_FORMAT = dwarf;
				ENABLE_STRICT_OBJC_MSGSEND = YES;
				ENABLE_TESTABILITY = YES;
				GCC_C_LANGUAGE_STANDARD = gnu11;
				GCC_DYNAMIC_NO_PIC = NO;
				GCC_NO_COMMON_BLOCKS = YES;
				GCC_OPTIMIZATION_LEVEL = 0;
				GCC_PREPROCESSOR_DEFINITIONS = (
					"DEBUG=1",
					"$(inherited)",
				);
				GCC_WARN_64_TO_32_BIT_CONVERSION = YES;
				GCC_WARN_ABOUT_RETURN_TYPE = YES_ERROR;
				GCC_WARN_UNDECLARED_SELECTOR = YES;
				GCC_WARN_UNINITIALIZED_AUTOS = YES_AGGRESSIVE;
				GCC_WARN_UNUSED_FUNCTION = YES;
				GCC_WARN_UNUSED_VARIABLE = YES;
				IPHONEOS_DEPLOYMENT_TARGET = 13.2;
				MTL_ENABLE_DEBUG_INFO = INCLUDE_SOURCE;
				MTL_FAST_MATH = YES;
				ONLY_ACTIVE_ARCH = YES;
				SDKROOT = iphoneos;
				SWIFT_ACTIVE_COMPILATION_CONDITIONS = DEBUG;
				SWIFT_OPTIMIZATION_LEVEL = "-Onone";
			};
			name = Debug;
		};
		4237B9B423DFE988001440D8 /* Release */ = {
			isa = XCBuildConfiguration;
			buildSettings = {
				ALWAYS_SEARCH_USER_PATHS = NO;
				CLANG_ANALYZER_NONNULL = YES;
				CLANG_ANALYZER_NUMBER_OBJECT_CONVERSION = YES_AGGRESSIVE;
				CLANG_CXX_LANGUAGE_STANDARD = "gnu++14";
				CLANG_CXX_LIBRARY = "libc++";
				CLANG_ENABLE_MODULES = YES;
				CLANG_ENABLE_OBJC_ARC = YES;
				CLANG_ENABLE_OBJC_WEAK = YES;
				CLANG_WARN_BLOCK_CAPTURE_AUTORELEASING = YES;
				CLANG_WARN_BOOL_CONVERSION = YES;
				CLANG_WARN_COMMA = YES;
				CLANG_WARN_CONSTANT_CONVERSION = YES;
				CLANG_WARN_DEPRECATED_OBJC_IMPLEMENTATIONS = YES;
				CLANG_WARN_DIRECT_OBJC_ISA_USAGE = YES_ERROR;
				CLANG_WARN_DOCUMENTATION_COMMENTS = YES;
				CLANG_WARN_EMPTY_BODY = YES;
				CLANG_WARN_ENUM_CONVERSION = YES;
				CLANG_WARN_INFINITE_RECURSION = YES;
				CLANG_WARN_INT_CONVERSION = YES;
				CLANG_WARN_NON_LITERAL_NULL_CONVERSION = YES;
				CLANG_WARN_OBJC_IMPLICIT_RETAIN_SELF = YES;
				CLANG_WARN_OBJC_LITERAL_CONVERSION = YES;
				CLANG_WARN_OBJC_ROOT_CLASS = YES_ERROR;
				CLANG_WARN_RANGE_LOOP_ANALYSIS = YES;
				CLANG_WARN_STRICT_PROTOTYPES = YES;
				CLANG_WARN_SUSPICIOUS_MOVE = YES;
				CLANG_WARN_UNGUARDED_AVAILABILITY = YES_AGGRESSIVE;
				CLANG_WARN_UNREACHABLE_CODE = YES;
				CLANG_WARN__DUPLICATE_METHOD_MATCH = YES;
				COPY_PHASE_STRIP = NO;
				DEBUG_INFORMATION_FORMAT = "dwarf-with-dsym";
				ENABLE_NS_ASSERTIONS = NO;
				ENABLE_STRICT_OBJC_MSGSEND = YES;
				GCC_C_LANGUAGE_STANDARD = gnu11;
				GCC_NO_COMMON_BLOCKS = YES;
				GCC_WARN_64_TO_32_BIT_CONVERSION = YES;
				GCC_WARN_ABOUT_RETURN_TYPE = YES_ERROR;
				GCC_WARN_UNDECLARED_SELECTOR = YES;
				GCC_WARN_UNINITIALIZED_AUTOS = YES_AGGRESSIVE;
				GCC_WARN_UNUSED_FUNCTION = YES;
				GCC_WARN_UNUSED_VARIABLE = YES;
				IPHONEOS_DEPLOYMENT_TARGET = 13.2;
				MTL_ENABLE_DEBUG_INFO = NO;
				MTL_FAST_MATH = YES;
				SDKROOT = iphoneos;
				SWIFT_COMPILATION_MODE = wholemodule;
				SWIFT_OPTIMIZATION_LEVEL = "-O";
				VALIDATE_PRODUCT = YES;
			};
			name = Release;
		};
		4237B9B623DFE988001440D8 /* Debug */ = {
			isa = XCBuildConfiguration;
			buildSettings = {
				ASSETCATALOG_COMPILER_APPICON_NAME = AppIcon;
				CODE_SIGN_STYLE = Automatic;
				DEVELOPMENT_TEAM = P3SSC4G2E2;
				INFOPLIST_FILE = GitHubFol/Info.plist;
				LD_RUNPATH_SEARCH_PATHS = (
					"$(inherited)",
					"@executable_path/Frameworks",
				);
				PRODUCT_BUNDLE_IDENTIFIER = com.dannycopeland.GitHubFol;
				PRODUCT_NAME = "$(TARGET_NAME)";
				SWIFT_VERSION = 5.0;
				TARGETED_DEVICE_FAMILY = 1;
			};
			name = Debug;
		};
		4237B9B723DFE988001440D8 /* Release */ = {
			isa = XCBuildConfiguration;
			buildSettings = {
				ASSETCATALOG_COMPILER_APPICON_NAME = AppIcon;
				CODE_SIGN_STYLE = Automatic;
				DEVELOPMENT_TEAM = P3SSC4G2E2;
				INFOPLIST_FILE = GitHubFol/Info.plist;
				LD_RUNPATH_SEARCH_PATHS = (
					"$(inherited)",
					"@executable_path/Frameworks",
				);
				PRODUCT_BUNDLE_IDENTIFIER = com.dannycopeland.GitHubFol;
				PRODUCT_NAME = "$(TARGET_NAME)";
				SWIFT_VERSION = 5.0;
				TARGETED_DEVICE_FAMILY = 1;
			};
			name = Release;
		};
/* End XCBuildConfiguration section */

/* Begin XCConfigurationList section */
		4237B99C23DFE986001440D8 /* Build configuration list for PBXProject "GitHubFol" */ = {
			isa = XCConfigurationList;
			buildConfigurations = (
				4237B9B323DFE988001440D8 /* Debug */,
				4237B9B423DFE988001440D8 /* Release */,
			);
			defaultConfigurationIsVisible = 0;
			defaultConfigurationName = Release;
		};
		4237B9B523DFE988001440D8 /* Build configuration list for PBXNativeTarget "GitHubFol" */ = {
			isa = XCConfigurationList;
			buildConfigurations = (
				4237B9B623DFE988001440D8 /* Debug */,
				4237B9B723DFE988001440D8 /* Release */,
			);
			defaultConfigurationIsVisible = 0;
			defaultConfigurationName = Release;
		};
/* End XCConfigurationList section */
	};
	rootObject = 4237B99923DFE986001440D8 /* Project object */;
}
